
Microsoft Visual Studio Solution File, Format Version 12.00
# Visual Studio 15
VisualStudioVersion = 15.0.28307.645
MinimumVisualStudioVersion = 10.0.40219.1
Project("{8BC9CEB8-8B4A-11D0-8D11-00A0C91BC942}") = "18120587_18120616", "18120587_18120616\18120587_18120616.vcxproj", "{72122123-3BF2-416C-B7BF-6FFD6BD4DAC6}"
EndProject
Global
	GlobalSection(SolutionConfigurationPlatforms) = preSolution
		Debug|x64 = Debug|x64
		Debug|x86 = Debug|x86
		Release|x64 = Release|x64
		Release|x86 = Release|x86
	EndGlobalSection
	GlobalSection(ProjectConfigurationPlatforms) = postSolution
		{72122123-3BF2-416C-B7BF-6FFD6BD4DAC6}.Debug|x64.ActiveCfg = Debug|x64
		{72122123-3BF2-416C-B7BF-6FFD6BD4DAC6}.Debug|x64.Build.0 = Debug|x64
		{72122123-3BF2-416C-B7BF-6FFD6BD4DAC6}.Debug|x86.ActiveCfg = Debug|Win32
		{72122123-3BF2-416C-B7BF-6FFD6BD4DAC6}.Debug|x86.Build.0 = Debug|Win32
		{72122123-3BF2-416C-B7BF-6FFD6BD4DAC6}.Release|x64.ActiveCfg = Release|x64
		{72122123-3BF2-416C-B7BF-6FFD6BD4DAC6}.Release|x64.Build.0 = Release|x64
		{72122123-3BF2-416C-B7BF-6FFD6BD4DAC6}.Release|x86.ActiveCfg = Release|Win32
		{72122123-3BF2-416C-B7BF-6FFD6BD4DAC6}.Release|x86.Build.0 = Release|Win32
	EndGlobalSection
	GlobalSection(SolutionProperties) = preSolution
		HideSolutionNode = FALSE
	EndGlobalSection
	GlobalSection(ExtensibilityGlobals) = postSolution
		SolutionGuid = {363D0C43-DB0D-459C-8744-E2D4EA1B18A0}
	EndGlobalSection
EndGlobal
